// !$*UTF8*$!
{
	archiveVersion = 1;
	classes = {
	};
	objectVersion = 46;
	objects = {

/* Begin PBXBuildFile section */
		21642C901D359E7700082D8C /* AppDelegate.swift in Sources */ = {isa = PBXBuildFile; fileRef = 21642C8F1D359E7700082D8C /* AppDelegate.swift */; };
		21642C951D359E7700082D8C /* Main.storyboard in Resources */ = {isa = PBXBuildFile; fileRef = 21642C931D359E7700082D8C /* Main.storyboard */; };
		21642C971D359E7700082D8C /* Assets.xcassets in Resources */ = {isa = PBXBuildFile; fileRef = 21642C961D359E7700082D8C /* Assets.xcassets */; };
		21642C9A1D359E7700082D8C /* LaunchScreen.storyboard in Resources */ = {isa = PBXBuildFile; fileRef = 21642C981D359E7700082D8C /* LaunchScreen.storyboard */; };
		21642CA21D359EC800082D8C /* ItemsViewController.swift in Sources */ = {isa = PBXBuildFile; fileRef = 21642CA11D359EC800082D8C /* ItemsViewController.swift */; };
		21642CA41D35A06600082D8C /* Item.swift in Sources */ = {isa = PBXBuildFile; fileRef = 21642CA31D35A06600082D8C /* Item.swift */; };
		21642CA61D35A60900082D8C /* ItemStore.swift in Sources */ = {isa = PBXBuildFile; fileRef = 21642CA51D35A60900082D8C /* ItemStore.swift */; };
/* End PBXBuildFile section */

/* Begin PBXFileReference section */
		21642C8C1D359E7700082D8C /* Homepwnr.app */ = {isa = PBXFileReference; explicitFileType = wrapper.application; includeInIndex = 0; path = Homepwnr.app; sourceTree = BUILT_PRODUCTS_DIR; };
		21642C8F1D359E7700082D8C /* AppDelegate.swift */ = {isa = PBXFileReference; lastKnownFileType = sourcecode.swift; path = AppDelegate.swift; sourceTree = "<group>"; };
		21642C941D359E7700082D8C /* Base */ = {isa = PBXFileReference; lastKnownFileType = file.storyboard; name = Base; path = Base.lproj/Main.storyboard; sourceTree = "<group>"; };
		21642C961D359E7700082D8C /* Assets.xcassets */ = {isa = PBXFileReference; lastKnownFileType = folder.assetcatalog; path = Assets.xcassets; sourceTree = "<group>"; };
		21642C991D359E7700082D8C /* Base */ = {isa = PBXFileReference; lastKnownFileType = file.storyboard; name = Base; path = Base.lproj/LaunchScreen.storyboard; sourceTree = "<group>"; };
		21642C9B1D359E7700082D8C /* Info.plist */ = {isa = PBXFileReference; lastKnownFileType = text.plist.xml; path = Info.plist; sourceTree = "<group>"; };
		21642CA11D359EC800082D8C /* ItemsViewController.swift */ = {isa = PBXFileReference; fileEncoding = 4; lastKnownFileType = sourcecode.swift; path = ItemsViewController.swift; sourceTree = "<group>"; };
		21642CA31D35A06600082D8C /* Item.swift */ = {isa = PBXFileReference; fileEncoding = 4; lastKnownFileType = sourcecode.swift; path = Item.swift; sourceTree = "<group>"; };
		21642CA51D35A60900082D8C /* ItemStore.swift */ = {isa = PBXFileReference; fileEncoding = 4; lastKnownFileType = sourcecode.swift; path = ItemStore.swift; sourceTree = "<group>"; };
/* End PBXFileReference section */

/* Begin PBXFrameworksBuildPhase section */
		21642C891D359E7700082D8C /* Frameworks */ = {
			isa = PBXFrameworksBuildPhase;
			buildActionMask = 2147483647;
			files = (
			);
			runOnlyForDeploymentPostprocessing = 0;
		};
/* End PBXFrameworksBuildPhase section */

/* Begin PBXGroup section */
		21642C831D359E7700082D8C = {
			isa = PBXGroup;
			children = (
				21642C8E1D359E7700082D8C /* Homepwnr */,
				21642C8D1D359E7700082D8C /* Products */,
			);
			sourceTree = "<group>";
		};
		21642C8D1D359E7700082D8C /* Products */ = {
			isa = PBXGroup;
			children = (
				21642C8C1D359E7700082D8C /* Homepwnr.app */,
			);
			name = Products;
			sourceTree = "<group>";
		};
		21642C8E1D359E7700082D8C /* Homepwnr */ = {
			isa = PBXGroup;
			children = (
				21642C8F1D359E7700082D8C /* AppDelegate.swift */,
				21642CA11D359EC800082D8C /* ItemsViewController.swift */,
				21642CA31D35A06600082D8C /* Item.swift */,
				21642CA51D35A60900082D8C /* ItemStore.swift */,
				21642C931D359E7700082D8C /* Main.storyboard */,
				21642C981D359E7700082D8C /* LaunchScreen.storyboard */,
				21642C9B1D359E7700082D8C /* Info.plist */,
				21642C961D359E7700082D8C /* Assets.xcassets */,
			);
			path = Homepwnr;
			sourceTree = "<group>";
		};
/* End PBXGroup section */

/* Begin PBXNativeTarget section */
		21642C8B1D359E7700082D8C /* Homepwnr */ = {
			isa = PBXNativeTarget;
			buildConfigurationList = 21642C9E1D359E7700082D8C /* Build configuration list for PBXNativeTarget "Homepwnr" */;
			buildPhases = (
				21642C881D359E7700082D8C /* Sources */,
				21642C891D359E7700082D8C /* Frameworks */,
				21642C8A1D359E7700082D8C /* Resources */,
			);
			buildRules = (
			);
			dependencies = (
			);
			name = Homepwnr;
			productName = Homepwnr;
			productReference = 21642C8C1D359E7700082D8C /* Homepwnr.app */;
			productType = "com.apple.product-type.application";
		};
/* End PBXNativeTarget section */

/* Begin PBXProject section */
		21642C841D359E7700082D8C /* Project object */ = {
			isa = PBXProject;
			attributes = {
				LastSwiftUpdateCheck = 0730;
				LastUpgradeCheck = 0730;
				ORGANIZATIONNAME = focusedConcepts;
				TargetAttributes = {
					21642C8B1D359E7700082D8C = {
						CreatedOnToolsVersion = 7.3.1;
						DevelopmentTeam = 73REF5W5RY;
					};
				};
			};
			buildConfigurationList = 21642C871D359E7700082D8C /* Build configuration list for PBXProject "Homepwnr" */;
			compatibilityVersion = "Xcode 3.2";
			developmentRegion = English;
			hasScannedForEncodings = 0;
			knownRegions = (
				en,
				Base,
			);
			mainGroup = 21642C831D359E7700082D8C;
			productRefGroup = 21642C8D1D359E7700082D8C /* Products */;
			projectDirPath = "";
			projectRoot = "";
			targets = (
				21642C8B1D359E7700082D8C /* Homepwnr */,
			);
		};
/* End PBXProject section */

/* Begin PBXResourcesBuildPhase section */
		21642C8A1D359E7700082D8C /* Resources */ = {
			isa = PBXResourcesBuildPhase;
			buildActionMask = 2147483647;
			files = (
				21642C9A1D359E7700082D8C /* LaunchScreen.storyboard in Resources */,
				21642C971D359E7700082D8C /* Assets.xcassets in Resources */,
				21642C951D359E7700082D8C /* Main.storyboard in Resources */,
			);
			runOnlyForDeploymentPostprocessing = 0;
		};
/* End PBXResourcesBuildPhase section */

/* Begin PBXSourcesBuildPhase section */
		21642C881D359E7700082D8C /* Sources */ = {
			isa = PBXSourcesBuildPhase;
			buildActionMask = 2147483647;
			files = (
				21642CA21D359EC800082D8C /* ItemsViewController.swift in Sources */,
				21642CA41D35A06600082D8C /* Item.swift in Sources */,
				21642CA61D35A60900082D8C /* ItemStore.swift in Sources */,
				21642C901D359E7700082D8C /* AppDelegate.swift in Sources */,
			);
			runOnlyForDeploymentPostprocessing = 0;
		};
/* End PBXSourcesBuildPhase section */

/* Begin PBXVariantGroup section */
		21642C931D359E7700082D8C /* Main.storyboard */ = {
			isa = PBXVariantGroup;
			children = (
				21642C941D359E7700082D8C /* Base */,
			);
			name = Main.storyboard;
			sourceTree = "<group>";
		};
		21642C981D359E7700082D8C /* LaunchScreen.storyboard */ = {
			isa = PBXVariantGroup;
			children = (
				21642C991D359E7700082D8C /* Base */,
			);
			name = LaunchScreen.storyboard;
			sourceTree = "<group>";
		};
/* End PBXVariantGroup section */

/* Begin XCBuildConfiguration section */
		21642C9C1D359E7700082D8C /* Debug */ = {
			isa = XCBuildConfiguration;
			buildSettings = {
				ALWAYS_SEARCH_USER_PATHS = NO;
				CLANG_ANALYZER_NONNULL = YES;
				CLANG_CXX_LANGUAGE_STANDARD = "gnu++0x";
				CLANG_CXX_LIBRARY = "libc++";
				CLANG_ENABLE_MODULES = YES;
				CLANG_ENABLE_OBJC_ARC = YES;
				CLANG_WARN_BOOL_CONVERSION = YES;
				CLANG_WARN_CONSTANT_CONVERSION = YES;
				CLANG_WARN_DIRECT_OBJC_ISA_USAGE = YES_ERROR;
				CLANG_WARN_EMPTY_BODY = YES;
				CLANG_WARN_ENUM_CONVERSION = YES;
				CLANG_WARN_INT_CONVERSION = YES;
				CLANG_WARN_OBJC_ROOT_CLASS = YES_ERROR;
				CLANG_WARN_UNREACHABLE_CODE = YES;
				CLANG_WARN__DUPLICATE_METHOD_MATCH = YES;
				"CODE_SIGN_IDENTITY[sdk=iphoneos*]" = "iPhone Developer";
				COPY_PHASE_STRIP = NO;
				DEBUG_INFORMATION_FORMAT = dwarf;
				ENABLE_STRICT_OBJC_MSGSEND = YES;
				ENABLE_TESTABILITY = YES;
				GCC_C_LANGUAGE_STANDARD = gnu99;
				GCC_DYNAMIC_NO_PIC = NO;
				GCC_NO_COMMON_BLOCKS = YES;
				GCC_OPTIMIZATION_LEVEL = 0;
				GCC_PREPROCESSOR_DEFINITIONS = (
					"DEBUG=1",
					"$(inherited)",
				);
				GCC_WARN_64_TO_32_BIT_CONVERSION = YES;
				GCC_WARN_ABOUT_RETURN_TYPE = YES_ERROR;
				GCC_WARN_UNDECLARED_SELECTOR = YES;
				GCC_WARN_UNINITIALIZED_AUTOS = YES_AGGRESSIVE;
				GCC_WARN_UNUSED_FUNCTION = YES;
				GCC_WARN_UNUSED_VARIABLE = YES;
				IPHONEOS_DEPLOYMENT_TARGET = 9.3;
				MTL_ENABLE_DEBUG_INFO = YES;
				ONLY_ACTIVE_ARCH = YES;
				SDKROOT = iphoneos;
				SWIFT_OPTIMIZATION_LEVEL = "-Onone";
			};
			name = Debug;
		};
		21642C9D1D359E7700082D8C /* Release */ = {
			isa = XCBuildConfiguration;
			buildSettings = {
				ALWAYS_SEARCH_USER_PATHS = NO;
				CLANG_ANALYZER_NONNULL = YES;
				CLANG_CXX_LANGUAGE_STANDARD = "gnu++0x";
				CLANG_CXX_LIBRARY = "libc++";
				CLANG_ENABLE_MODULES = YES;
				CLANG_ENABLE_OBJC_ARC = YES;
				CLANG_WARN_BOOL_CONVERSION = YES;
				CLANG_WARN_CONSTANT_CONVERSION = YES;
				CLANG_WARN_DIRECT_OBJC_ISA_USAGE = YES_ERROR;
				CLANG_WARN_EMPTY_BODY = YES;
				CLANG_WARN_ENUM_CONVERSION = YES;
				CLANG_WARN_INT_CONVERSION = YES;
				CLANG_WARN_OBJC_ROOT_CLASS = YES_ERROR;
				CLANG_WARN_UNREACHABLE_CODE = YES;
				CLANG_WARN__DUPLICATE_METHOD_MATCH = YES;
				"CODE_SIGN_IDENTITY[sdk=iphoneos*]" = "iPhone Developer";
				COPY_PHASE_STRIP = NO;
				DEBUG_INFORMATION_FORMAT = "dwarf-with-dsym";
				ENABLE_NS_ASSERTIONS = NO;
				ENABLE_STRICT_OBJC_MSGSEND = YES;
				GCC_C_LANGUAGE_STANDARD = gnu99;
				GCC_NO_COMMON_BLOCKS = YES;
				GCC_WARN_64_TO_32_BIT_CONVERSION = YES;
				GCC_WARN_ABOUT_RETURN_TYPE = YES_ERROR;
				GCC_WARN_UNDECLARED_SELECTOR = YES;
				GCC_WARN_UNINITIALIZED_AUTOS = YES_AGGRESSIVE;
				GCC_WARN_UNUSED_FUNCTION = YES;
				GCC_WARN_UNUSED_VARIABLE = YES;
				IPHONEOS_DEPLOYMENT_TARGET = 9.3;
				MTL_ENABLE_DEBUG_INFO = NO;
				SDKROOT = iphoneos;
				VALIDATE_PRODUCT = YES;
			};
			name = Release;
		};
		21642C9F1D359E7700082D8C /* Debug */ = {
			isa = XCBuildConfiguration;
			buildSettings = {
				ASSETCATALOG_COMPILER_APPICON_NAME = AppIcon;
				CODE_SIGN_IDENTITY = "iPhone Developer";
				INFOPLIST_FILE = Homepwnr/Info.plist;
				LD_RUNPATH_SEARCH_PATHS = "$(inherited) @executable_path/Frameworks";
				PRODUCT_BUNDLE_IDENTIFIER = com.focusedconcepts.Homepwnr;
				PRODUCT_NAME = "$(TARGET_NAME)";
			};
			name = Debug;
		};
		21642CA01D359E7700082D8C /* Release */ = {
			isa = XCBuildConfiguration;
			buildSettings = {
				ASSETCATALOG_COMPILER_APPICON_NAME = AppIcon;
				CODE_SIGN_IDENTITY = "iPhone Developer";
				INFOPLIST_FILE = Homepwnr/Info.plist;
				LD_RUNPATH_SEARCH_PATHS = "$(inherited) @executable_path/Frameworks";
				PRODUCT_BUNDLE_IDENTIFIER = com.focusedconcepts.Homepwnr;
				PRODUCT_NAME = "$(TARGET_NAME)";
			};
			name = Release;
		};
/* End XCBuildConfiguration section */

/* Begin XCConfigurationList section */
		21642C871D359E7700082D8C /* Build configuration list for PBXProject "Homepwnr" */ = {
			isa = XCConfigurationList;
			buildConfigurations = (
				21642C9C1D359E7700082D8C /* Debug */,
				21642C9D1D359E7700082D8C /* Release */,
			);
			defaultConfigurationIsVisible = 0;
			defaultConfigurationName = Release;
		};
		21642C9E1D359E7700082D8C /* Build configuration list for PBXNativeTarget "Homepwnr" */ = {
			isa = XCConfigurationList;
			buildConfigurations = (
				21642C9F1D359E7700082D8C /* Debug */,
				21642CA01D359E7700082D8C /* Release */,
			);
			defaultConfigurationIsVisible = 0;
		};
/* End XCConfigurationList section */
	};
	rootObject = 21642C841D359E7700082D8C /* Project object */;
}
